
Microsoft Visual Studio Solution File, Format Version 12.00
Project("{FAE04EC0-301F-11D3-BF4B-00C04F79EFBC}") = "TaskifyAPI", "TaskifyAPI\TaskifyAPI.csproj", "{D1306B26-0D13-4B03-9054-9B38FEA2BD4C}"
EndProject
Global
	GlobalSection(SolutionConfigurationPlatforms) = preSolution
		Debug|Any CPU = Debug|Any CPU
		Release|Any CPU = Release|Any CPU
	EndGlobalSection
	GlobalSection(ProjectConfigurationPlatforms) = postSolution
		{D1306B26-0D13-4B03-9054-9B38FEA2BD4C}.Debug|Any CPU.ActiveCfg = Debug|Any CPU
		{D1306B26-0D13-4B03-9054-9B38FEA2BD4C}.Debug|Any CPU.Build.0 = Debug|Any CPU
		{D1306B26-0D13-4B03-9054-9B38FEA2BD4C}.Release|Any CPU.ActiveCfg = Release|Any CPU
		{D1306B26-0D13-4B03-9054-9B38FEA2BD4C}.Release|Any CPU.Build.0 = Release|Any CPU
	EndGlobalSection
EndGlobal
